
Microsoft Visual Studio Solution File, Format Version 12.00
# Visual Studio 15
VisualStudioVersion = 15.0.26403.7
MinimumVisualStudioVersion = 10.0.40219.1
Project("{FAE04EC0-301F-11D3-BF4B-00C04F79EFBC}") = "Runestone.FSharp.NativeInteropHelper", "src\Runestone.FSharp.NativeInteropHelper\Runestone.FSharp.NativeInteropHelper.csproj", "{BDFF3811-027B-4CF5-BBF1-6E7D36945D88}"
EndProject
Project("{F2A71F9B-5D33-465A-A702-920D77279786}") = "Runestone.FSharp", "src\Runestone.FSharp\Runestone.FSharp.fsproj", "{B7390B74-05E0-4EEF-9739-88C21FE7B6F9}"
EndProject
Project("{2150E333-8FDC-42A3-9474-1A3956D46DE8}") = "Solution Items", "Solution Items", "{FC44084B-E273-4C73-AD7B-D4EB5E140CCA}"
	ProjectSection(SolutionItems) = preProject
		.gitattributes = .gitattributes
		.gitignore = .gitignore
		.travis.yml = .travis.yml
		appveyor.yml = appveyor.yml
		build.cmd = build.cmd
		build.fsx = build.fsx
		build.sh = build.sh
		LICENSE.md = LICENSE.md
		paket.dependencies = paket.dependencies
		README.md = README.md
		RELEASE_NOTES.md = RELEASE_NOTES.md
	EndProjectSection
EndProject
Global
	GlobalSection(SolutionConfigurationPlatforms) = preSolution
		Debug|Any CPU = Debug|Any CPU
		Release|Any CPU = Release|Any CPU
	EndGlobalSection
	GlobalSection(ProjectConfigurationPlatforms) = postSolution
		{BDFF3811-027B-4CF5-BBF1-6E7D36945D88}.Debug|Any CPU.ActiveCfg = Debug|Any CPU
		{BDFF3811-027B-4CF5-BBF1-6E7D36945D88}.Debug|Any CPU.Build.0 = Debug|Any CPU
		{BDFF3811-027B-4CF5-BBF1-6E7D36945D88}.Release|Any CPU.ActiveCfg = Release|Any CPU
		{BDFF3811-027B-4CF5-BBF1-6E7D36945D88}.Release|Any CPU.Build.0 = Release|Any CPU
		{B7390B74-05E0-4EEF-9739-88C21FE7B6F9}.Debug|Any CPU.ActiveCfg = Debug|Any CPU
		{B7390B74-05E0-4EEF-9739-88C21FE7B6F9}.Debug|Any CPU.Build.0 = Debug|Any CPU
		{B7390B74-05E0-4EEF-9739-88C21FE7B6F9}.Release|Any CPU.ActiveCfg = Release|Any CPU
		{B7390B74-05E0-4EEF-9739-88C21FE7B6F9}.Release|Any CPU.Build.0 = Release|Any CPU
	EndGlobalSection
	GlobalSection(SolutionProperties) = preSolution
		HideSolutionNode = FALSE
	EndGlobalSection
EndGlobal
